# This file is autogenerated, do not edit; changes may be undone by the next 'dep ensure'.


[[projects]]
  branch = "master"
  name = "github.com/clmul/go-windivert"
  packages = ["."]
  revision = "64b4d488f20d290d72c6db2168829c0cc9e8a2b6"

[[projects]]
  name = "github.com/google/gopacket"
  packages = [".","layers"]
  revision = "11c65f1ca9081dfea43b4f9643f5c155583b73ba"
  version = "v1.1.14"

[[projects]]
  branch = "master"
  name = "golang.org/x/sys"
  packages = ["windows"]
  revision = "571f7bbbe08da2a8955aed9d4db316e78630e9a3"

[solve-meta]
  analyzer-name = "dep"
  analyzer-version = 1
  inputs-digest = "e783973289df2608c1b75d23ea2b8aab7bb25e37536631c4099ddc3fce520cc3"
  solver-name = "gps-cdcl"
  solver-version = 1
